
Microsoft Visual Studio Solution File, Format Version 12.00
# Visual Studio 2013
VisualStudioVersion = 12.0.21005.1
MinimumVisualStudioVersion = 10.0.40219.1
Project("{FAE04EC0-301F-11D3-BF4B-00C04F79EFBC}") = "Examples", "Examples\Examples.csproj", "{39925725-65B5-4D10-9C43-6A9C3F876363}"
EndProject
Project("{FAE04EC0-301F-11D3-BF4B-00C04F79EFBC}") = "RuleKnit", "RuleKnit\RuleKnit.csproj", "{67AFDD42-E69B-4A60-B4C8-075EA24E32A5}"
EndProject
Project("{FAE04EC0-301F-11D3-BF4B-00C04F79EFBC}") = "RuleKnit.Test", "RuleKnit.Test\RuleKnit.Test.csproj", "{BE7E7822-5D69-418A-9B36-43E248D83928}"
EndProject
Global
	GlobalSection(SolutionConfigurationPlatforms) = preSolution
		Debug|Any CPU = Debug|Any CPU
		Release|Any CPU = Release|Any CPU
	EndGlobalSection
	GlobalSection(ProjectConfigurationPlatforms) = postSolution
		{39925725-65B5-4D10-9C43-6A9C3F876363}.Debug|Any CPU.ActiveCfg = Debug|Any CPU
		{39925725-65B5-4D10-9C43-6A9C3F876363}.Debug|Any CPU.Build.0 = Debug|Any CPU
		{39925725-65B5-4D10-9C43-6A9C3F876363}.Release|Any CPU.ActiveCfg = Release|Any CPU
		{39925725-65B5-4D10-9C43-6A9C3F876363}.Release|Any CPU.Build.0 = Release|Any CPU
		{67AFDD42-E69B-4A60-B4C8-075EA24E32A5}.Debug|Any CPU.ActiveCfg = Debug|Any CPU
		{67AFDD42-E69B-4A60-B4C8-075EA24E32A5}.Debug|Any CPU.Build.0 = Debug|Any CPU
		{67AFDD42-E69B-4A60-B4C8-075EA24E32A5}.Release|Any CPU.ActiveCfg = Release|Any CPU
		{67AFDD42-E69B-4A60-B4C8-075EA24E32A5}.Release|Any CPU.Build.0 = Release|Any CPU
		{BE7E7822-5D69-418A-9B36-43E248D83928}.Debug|Any CPU.ActiveCfg = Debug|Any CPU
		{BE7E7822-5D69-418A-9B36-43E248D83928}.Debug|Any CPU.Build.0 = Debug|Any CPU
		{BE7E7822-5D69-418A-9B36-43E248D83928}.Release|Any CPU.ActiveCfg = Release|Any CPU
		{BE7E7822-5D69-418A-9B36-43E248D83928}.Release|Any CPU.Build.0 = Release|Any CPU
	EndGlobalSection
	GlobalSection(SolutionProperties) = preSolution
		HideSolutionNode = FALSE
	EndGlobalSection
EndGlobal
